
Microsoft Visual Studio Solution File, Format Version 12.00
# Visual Studio Version 16
VisualStudioVersion = 16.0.30320.27
MinimumVisualStudioVersion = 10.0.40219.1
Project("{8BC9CEB8-8B4A-11D0-8D11-00A0C91BC942}") = "apap_vs2", "apap_vs2.vcxproj", "{BDB5A0D7-5B97-4E45-BA72-F3A572A0051B}"
EndProject
Global
	GlobalSection(SolutionConfigurationPlatforms) = preSolution
		Debug|x64 = Debug|x64
		Debug|x86 = Debug|x86
		Release|x64 = Release|x64
		Release|x86 = Release|x86
	EndGlobalSection
	GlobalSection(ProjectConfigurationPlatforms) = postSolution
		{BDB5A0D7-5B97-4E45-BA72-F3A572A0051B}.Debug|x64.ActiveCfg = Debug|x64
		{BDB5A0D7-5B97-4E45-BA72-F3A572A0051B}.Debug|x64.Build.0 = Debug|x64
		{BDB5A0D7-5B97-4E45-BA72-F3A572A0051B}.Debug|x86.ActiveCfg = Debug|Win32
		{BDB5A0D7-5B97-4E45-BA72-F3A572A0051B}.Debug|x86.Build.0 = Debug|Win32
		{BDB5A0D7-5B97-4E45-BA72-F3A572A0051B}.Release|x64.ActiveCfg = Release|x64
		{BDB5A0D7-5B97-4E45-BA72-F3A572A0051B}.Release|x64.Build.0 = Release|x64
		{BDB5A0D7-5B97-4E45-BA72-F3A572A0051B}.Release|x86.ActiveCfg = Release|Win32
		{BDB5A0D7-5B97-4E45-BA72-F3A572A0051B}.Release|x86.Build.0 = Release|Win32
	EndGlobalSection
	GlobalSection(SolutionProperties) = preSolution
		HideSolutionNode = FALSE
	EndGlobalSection
	GlobalSection(ExtensibilityGlobals) = postSolution
		SolutionGuid = {537CC9AF-E852-4158-B814-906ED7A3ADB2}
	EndGlobalSection
EndGlobal
